{
    "_readme": [
        "This file locks the dependencies of your project to a known state",
        "Read more about it at https://getcomposer.org/doc/01-basic-usage.md#installing-dependencies",
        "This file is @generated automatically"
    ],
    "content-hash": "bf1378e32699a46cd217ef1dc1858f3b",
    "packages": [
        {
            "name": "afragen/git-updater-lite",
            "version": "2.3.0",
            "source": {
                "type": "git",
                "url": "https://github.com/afragen/git-updater-lite.git",
                "reference": "06869d5a9abd97551415e5007fd1a694f799d02a"
            },
            "dist": {
                "type": "zip",
                "url": "https://api.github.com/repos/afragen/git-updater-lite/zipball/06869d5a9abd97551415e5007fd1a694f799d02a",
                "reference": "06869d5a9abd97551415e5007fd1a694f799d02a",
                "shasum": ""
            },
            "require": {
                "php": ">=7.4"
            },
            "require-dev": {
                "squizlabs/php_codesniffer": "3.10.3",
                "wp-coding-standards/wpcs": "~3.1.0",
                "yoast/phpunit-polyfills": "^1.1.0"
            },
            "type": "library",
            "autoload": {
                "classmap": [
                    "Lite.php"
                ]
            },
            "notification-url": "https://packagist.org/downloads/",
            "license": [
                "MIT"
            ],
            "authors": [
                {
                    "name": "Andy Fragen",
                    "email": "andy@thefragens.com",
                    "homepage": "https://github.com/afragen/git-updater-lite",
                    "role": "Developer"
                }
            ],
            "description": "A simple class to integrate with Git Updater for standalone plugin/theme updates.",
            "keywords": [
                "plugin",
                "theme",
                "updater",
                "wordpress"
            ],
            "support": {
                "issues": "https://github.com/afragen/git-updater-lite/issues",
                "source": "https://github.com/afragen/git-updater-lite/tree/2.3.0"
            },
            "funding": [
                {
                    "url": "https://github.com/afragen",
                    "type": "github"
                }
            ],
            "time": "2025-02-24T21:37:23+00:00"
        },
        {
            "name": "kucrut/vite-for-wp",
            "version": "v0.9.4",
            "source": {
                "type": "git",
                "url": "https://github.com/kucrut/vite-for-wp.git",
                "reference": "bdc1bc5f08c24b819a3f93915e8af0142a44d589"
            },
            "dist": {
                "type": "zip",
                "url": "https://api.github.com/repos/kucrut/vite-for-wp/zipball/bdc1bc5f08c24b819a3f93915e8af0142a44d589",
                "reference": "bdc1bc5f08c24b819a3f93915e8af0142a44d589",
                "shasum": ""
            },
            "require-dev": {
                "wp-coding-standards/wpcs": "^3.0"
            },
            "type": "library",
            "autoload": {
                "files": [
                    "vite-for-wp.php"
                ]
            },
            "notification-url": "https://packagist.org/downloads/",
            "license": [
                "GPL-2.0-only"
            ],
            "authors": [
                {
                    "name": "Dzikri Aziz"
                }
            ],
            "description": "Vite integration for WordPress plugins and themes development.",
            "support": {
                "issues": "https://github.com/kucrut/vite-for-wp/issues",
                "source": "https://github.com/kucrut/vite-for-wp/tree/v0.9.4"
            },
            "time": "2024-11-25T12:25:28+00:00"
        }
    ],
    "packages-dev": [],
    "aliases": [],
    "minimum-stability": "stable",
    "stability-flags": {},
    "prefer-stable": false,
    "prefer-lowest": false,
    "platform": {},
    "platform-dev": {},
    "plugin-api-version": "2.6.0"
}
